// !$*UTF8*$!
{
	archiveVersion = 1;
	classes = {
	};
	objectVersion = 46;
	objects = {

/* Begin PBXBuildFile section */
		43A754E41D6B474A008C8ACC /* AppDelegate.swift in Sources */ = {isa = PBXBuildFile; fileRef = 43A754E31D6B474A008C8ACC /* AppDelegate.swift */; };
		43A754E61D6B474A008C8ACC /* ViewController.swift in Sources */ = {isa = PBXBuildFile; fileRef = 43A754E51D6B474A008C8ACC /* ViewController.swift */; };
		43A754E91D6B474A008C8ACC /* Main.storyboard in Resources */ = {isa = PBXBuildFile; fileRef = 43A754E71D6B474A008C8ACC /* Main.storyboard */; };
		43A754EB1D6B474A008C8ACC /* Assets.xcassets in Resources */ = {isa = PBXBuildFile; fileRef = 43A754EA1D6B474A008C8ACC /* Assets.xcassets */; };
		43A754EE1D6B474A008C8ACC /* LaunchScreen.storyboard in Resources */ = {isa = PBXBuildFile; fileRef = 43A754EC1D6B474A008C8ACC /* LaunchScreen.storyboard */; };
		AB0B8C71A5288762F3BC22DF /* Pods_playingWithCircularButtons.framework in Frameworks */ = {isa = PBXBuildFile; fileRef = A746FC3436F5B51E1920AD74 /* Pods_playingWithCircularButtons.framework */; };
/* End PBXBuildFile section */

/* Begin PBXFileReference section */
		43A754E01D6B474A008C8ACC /* playingWithCircularButtons.app */ = {isa = PBXFileReference; explicitFileType = wrapper.application; includeInIndex = 0; path = playingWithCircularButtons.app; sourceTree = BUILT_PRODUCTS_DIR; };
		43A754E31D6B474A008C8ACC /* AppDelegate.swift */ = {isa = PBXFileReference; lastKnownFileType = sourcecode.swift; path = AppDelegate.swift; sourceTree = "<group>"; };
		43A754E51D6B474A008C8ACC /* ViewController.swift */ = {isa = PBXFileReference; lastKnownFileType = sourcecode.swift; path = ViewController.swift; sourceTree = "<group>"; };
		43A754E81D6B474A008C8ACC /* Base */ = {isa = PBXFileReference; lastKnownFileType = file.storyboard; name = Base; path = Base.lproj/Main.storyboard; sourceTree = "<group>"; };
		43A754EA1D6B474A008C8ACC /* Assets.xcassets */ = {isa = PBXFileReference; lastKnownFileType = folder.assetcatalog; path = Assets.xcassets; sourceTree = "<group>"; };
		43A754ED1D6B474A008C8ACC /* Base */ = {isa = PBXFileReference; lastKnownFileType = file.storyboard; name = Base; path = Base.lproj/LaunchScreen.storyboard; sourceTree = "<group>"; };
		43A754EF1D6B474A008C8ACC /* Info.plist */ = {isa = PBXFileReference; lastKnownFileType = text.plist.xml; path = Info.plist; sourceTree = "<group>"; };
		491E48509DC7A82C8EB597AF /* Pods-playingWithCircularButtons.debug.xcconfig */ = {isa = PBXFileReference; includeInIndex = 1; lastKnownFileType = text.xcconfig; name = "Pods-playingWithCircularButtons.debug.xcconfig"; path = "Pods/Target Support Files/Pods-playingWithCircularButtons/Pods-playingWithCircularButtons.debug.xcconfig"; sourceTree = "<group>"; };
		79A188F7625A94B0EE4AA3E5 /* Pods-playingWithCircularButtons.release.xcconfig */ = {isa = PBXFileReference; includeInIndex = 1; lastKnownFileType = text.xcconfig; name = "Pods-playingWithCircularButtons.release.xcconfig"; path = "Pods/Target Support Files/Pods-playingWithCircularButtons/Pods-playingWithCircularButtons.release.xcconfig"; sourceTree = "<group>"; };
		A746FC3436F5B51E1920AD74 /* Pods_playingWithCircularButtons.framework */ = {isa = PBXFileReference; explicitFileType = wrapper.framework; includeInIndex = 0; path = Pods_playingWithCircularButtons.framework; sourceTree = BUILT_PRODUCTS_DIR; };
/* End PBXFileReference section */

/* Begin PBXFrameworksBuildPhase section */
		43A754DD1D6B474A008C8ACC /* Frameworks */ = {
			isa = PBXFrameworksBuildPhase;
			buildActionMask = 2147483647;
			files = (
				AB0B8C71A5288762F3BC22DF /* Pods_playingWithCircularButtons.framework in Frameworks */,
			);
			runOnlyForDeploymentPostprocessing = 0;
		};
/* End PBXFrameworksBuildPhase section */

/* Begin PBXGroup section */
		15C3F20CD02FC25456B814BD /* Frameworks */ = {
			isa = PBXGroup;
			children = (
				A746FC3436F5B51E1920AD74 /* Pods_playingWithCircularButtons.framework */,
			);
			name = Frameworks;
			sourceTree = "<group>";
		};
		43A60713366B102518B60E0A /* Pods */ = {
			isa = PBXGroup;
			children = (
				491E48509DC7A82C8EB597AF /* Pods-playingWithCircularButtons.debug.xcconfig */,
				79A188F7625A94B0EE4AA3E5 /* Pods-playingWithCircularButtons.release.xcconfig */,
			);
			name = Pods;
			sourceTree = "<group>";
		};
		43A754D71D6B474A008C8ACC = {
			isa = PBXGroup;
			children = (
				43A754E21D6B474A008C8ACC /* playingWithCircularButtons */,
				43A754E11D6B474A008C8ACC /* Products */,
				43A60713366B102518B60E0A /* Pods */,
				15C3F20CD02FC25456B814BD /* Frameworks */,
			);
			sourceTree = "<group>";
		};
		43A754E11D6B474A008C8ACC /* Products */ = {
			isa = PBXGroup;
			children = (
				43A754E01D6B474A008C8ACC /* playingWithCircularButtons.app */,
			);
			name = Products;
			sourceTree = "<group>";
		};
		43A754E21D6B474A008C8ACC /* playingWithCircularButtons */ = {
			isa = PBXGroup;
			children = (
				43A754E31D6B474A008C8ACC /* AppDelegate.swift */,
				43A754E51D6B474A008C8ACC /* ViewController.swift */,
				43A754E71D6B474A008C8ACC /* Main.storyboard */,
				43A754EA1D6B474A008C8ACC /* Assets.xcassets */,
				43A754EC1D6B474A008C8ACC /* LaunchScreen.storyboard */,
				43A754EF1D6B474A008C8ACC /* Info.plist */,
			);
			path = playingWithCircularButtons;
			sourceTree = "<group>";
		};
/* End PBXGroup section */

/* Begin PBXNativeTarget section */
		43A754DF1D6B474A008C8ACC /* playingWithCircularButtons */ = {
			isa = PBXNativeTarget;
			buildConfigurationList = 43A754F21D6B474A008C8ACC /* Build configuration list for PBXNativeTarget "playingWithCircularButtons" */;
			buildPhases = (
				ED0CA95D479C6B2E9273FED0 /* [CP] Check Pods Manifest.lock */,
				43A754DC1D6B474A008C8ACC /* Sources */,
				43A754DD1D6B474A008C8ACC /* Frameworks */,
				43A754DE1D6B474A008C8ACC /* Resources */,
				4C5D2152D9B75F8F0233A061 /* [CP] Embed Pods Frameworks */,
				F0A374C121D13B790B1672C3 /* [CP] Copy Pods Resources */,
			);
			buildRules = (
			);
			dependencies = (
			);
			name = playingWithCircularButtons;
			productName = playingWithCircularButtons;
			productReference = 43A754E01D6B474A008C8ACC /* playingWithCircularButtons.app */;
			productType = "com.apple.product-type.application";
		};
/* End PBXNativeTarget section */

/* Begin PBXProject section */
		43A754D81D6B474A008C8ACC /* Project object */ = {
			isa = PBXProject;
			attributes = {
				LastSwiftUpdateCheck = 0730;
				LastUpgradeCheck = 0730;
				ORGANIZATIONNAME = "Rebecca Bartels";
				TargetAttributes = {
					43A754DF1D6B474A008C8ACC = {
						CreatedOnToolsVersion = 7.3.1;
					};
				};
			};
			buildConfigurationList = 43A754DB1D6B474A008C8ACC /* Build configuration list for PBXProject "playingWithCircularButtons" */;
			compatibilityVersion = "Xcode 3.2";
			developmentRegion = English;
			hasScannedForEncodings = 0;
			knownRegions = (
				en,
				Base,
			);
			mainGroup = 43A754D71D6B474A008C8ACC;
			productRefGroup = 43A754E11D6B474A008C8ACC /* Products */;
			projectDirPath = "";
			projectRoot = "";
			targets = (
				43A754DF1D6B474A008C8ACC /* playingWithCircularButtons */,
			);
		};
/* End PBXProject section */

/* Begin PBXResourcesBuildPhase section */
		43A754DE1D6B474A008C8ACC /* Resources */ = {
			isa = PBXResourcesBuildPhase;
			buildActionMask = 2147483647;
			files = (
				43A754EE1D6B474A008C8ACC /* LaunchScreen.storyboard in Resources */,
				43A754EB1D6B474A008C8ACC /* Assets.xcassets in Resources */,
				43A754E91D6B474A008C8ACC /* Main.storyboard in Resources */,
			);
			runOnlyForDeploymentPostprocessing = 0;
		};
/* End PBXResourcesBuildPhase section */

/* Begin PBXShellScriptBuildPhase section */
		4C5D2152D9B75F8F0233A061 /* [CP] Embed Pods Frameworks */ = {
			isa = PBXShellScriptBuildPhase;
			buildActionMask = 2147483647;
			files = (
			);
			inputPaths = (
			);
			name = "[CP] Embed Pods Frameworks";
			outputPaths = (
			);
			runOnlyForDeploymentPostprocessing = 0;
			shellPath = /bin/sh;
			shellScript = "\"${SRCROOT}/Pods/Target Support Files/Pods-playingWithCircularButtons/Pods-playingWithCircularButtons-frameworks.sh\"\n";
			showEnvVarsInLog = 0;
		};
		ED0CA95D479C6B2E9273FED0 /* [CP] Check Pods Manifest.lock */ = {
			isa = PBXShellScriptBuildPhase;
			buildActionMask = 2147483647;
			files = (
			);
			inputPaths = (
			);
			name = "[CP] Check Pods Manifest.lock";
			outputPaths = (
			);
			runOnlyForDeploymentPostprocessing = 0;
			shellPath = /bin/sh;
			shellScript = "diff \"${PODS_ROOT}/../Podfile.lock\" \"${PODS_ROOT}/Manifest.lock\" > /dev/null\nif [[ $? != 0 ]] ; then\n    cat << EOM\nerror: The sandbox is not in sync with the Podfile.lock. Run 'pod install' or update your CocoaPods installation.\nEOM\n    exit 1\nfi\n";
			showEnvVarsInLog = 0;
		};
		F0A374C121D13B790B1672C3 /* [CP] Copy Pods Resources */ = {
			isa = PBXShellScriptBuildPhase;
			buildActionMask = 2147483647;
			files = (
			);
			inputPaths = (
			);
			name = "[CP] Copy Pods Resources";
			outputPaths = (
			);
			runOnlyForDeploymentPostprocessing = 0;
			shellPath = /bin/sh;
			shellScript = "\"${SRCROOT}/Pods/Target Support Files/Pods-playingWithCircularButtons/Pods-playingWithCircularButtons-resources.sh\"\n";
			showEnvVarsInLog = 0;
		};
/* End PBXShellScriptBuildPhase section */

/* Begin PBXSourcesBuildPhase section */
		43A754DC1D6B474A008C8ACC /* Sources */ = {
			isa = PBXSourcesBuildPhase;
			buildActionMask = 2147483647;
			files = (
				43A754E61D6B474A008C8ACC /* ViewController.swift in Sources */,
				43A754E41D6B474A008C8ACC /* AppDelegate.swift in Sources */,
			);
			runOnlyForDeploymentPostprocessing = 0;
		};
/* End PBXSourcesBuildPhase section */

/* Begin PBXVariantGroup section */
		43A754E71D6B474A008C8ACC /* Main.storyboard */ = {
			isa = PBXVariantGroup;
			children = (
				43A754E81D6B474A008C8ACC /* Base */,
			);
			name = Main.storyboard;
			sourceTree = "<group>";
		};
		43A754EC1D6B474A008C8ACC /* LaunchScreen.storyboard */ = {
			isa = PBXVariantGroup;
			children = (
				43A754ED1D6B474A008C8ACC /* Base */,
			);
			name = LaunchScreen.storyboard;
			sourceTree = "<group>";
		};
/* End PBXVariantGroup section */

/* Begin XCBuildConfiguration section */
		43A754F01D6B474A008C8ACC /* Debug */ = {
			isa = XCBuildConfiguration;
			buildSettings = {
				ALWAYS_SEARCH_USER_PATHS = NO;
				CLANG_ANALYZER_NONNULL = YES;
				CLANG_CXX_LANGUAGE_STANDARD = "gnu++0x";
				CLANG_CXX_LIBRARY = "libc++";
				CLANG_ENABLE_MODULES = YES;
				CLANG_ENABLE_OBJC_ARC = YES;
				CLANG_WARN_BOOL_CONVERSION = YES;
				CLANG_WARN_CONSTANT_CONVERSION = YES;
				CLANG_WARN_DIRECT_OBJC_ISA_USAGE = YES_ERROR;
				CLANG_WARN_EMPTY_BODY = YES;
				CLANG_WARN_ENUM_CONVERSION = YES;
				CLANG_WARN_INT_CONVERSION = YES;
				CLANG_WARN_OBJC_ROOT_CLASS = YES_ERROR;
				CLANG_WARN_UNREACHABLE_CODE = YES;
				CLANG_WARN__DUPLICATE_METHOD_MATCH = YES;
				"CODE_SIGN_IDENTITY[sdk=iphoneos*]" = "iPhone Developer";
				COPY_PHASE_STRIP = NO;
				DEBUG_INFORMATION_FORMAT = dwarf;
				ENABLE_STRICT_OBJC_MSGSEND = YES;
				ENABLE_TESTABILITY = YES;
				GCC_C_LANGUAGE_STANDARD = gnu99;
				GCC_DYNAMIC_NO_PIC = NO;
				GCC_NO_COMMON_BLOCKS = YES;
				GCC_OPTIMIZATION_LEVEL = 0;
				GCC_PREPROCESSOR_DEFINITIONS = (
					"DEBUG=1",
					"$(inherited)",
				);
				GCC_WARN_64_TO_32_BIT_CONVERSION = YES;
				GCC_WARN_ABOUT_RETURN_TYPE = YES_ERROR;
				GCC_WARN_UNDECLARED_SELECTOR = YES;
				GCC_WARN_UNINITIALIZED_AUTOS = YES_AGGRESSIVE;
				GCC_WARN_UNUSED_FUNCTION = YES;
				GCC_WARN_UNUSED_VARIABLE = YES;
				IPHONEOS_DEPLOYMENT_TARGET = 9.3;
				MTL_ENABLE_DEBUG_INFO = YES;
				ONLY_ACTIVE_ARCH = YES;
				SDKROOT = iphoneos;
				SWIFT_OPTIMIZATION_LEVEL = "-Onone";
			};
			name = Debug;
		};
		43A754F11D6B474A008C8ACC /* Release */ = {
			isa = XCBuildConfiguration;
			buildSettings = {
				ALWAYS_SEARCH_USER_PATHS = NO;
				CLANG_ANALYZER_NONNULL = YES;
				CLANG_CXX_LANGUAGE_STANDARD = "gnu++0x";
				CLANG_CXX_LIBRARY = "libc++";
				CLANG_ENABLE_MODULES = YES;
				CLANG_ENABLE_OBJC_ARC = YES;
				CLANG_WARN_BOOL_CONVERSION = YES;
				CLANG_WARN_CONSTANT_CONVERSION = YES;
				CLANG_WARN_DIRECT_OBJC_ISA_USAGE = YES_ERROR;
				CLANG_WARN_EMPTY_BODY = YES;
				CLANG_WARN_ENUM_CONVERSION = YES;
				CLANG_WARN_INT_CONVERSION = YES;
				CLANG_WARN_OBJC_ROOT_CLASS = YES_ERROR;
				CLANG_WARN_UNREACHABLE_CODE = YES;
				CLANG_WARN__DUPLICATE_METHOD_MATCH = YES;
				"CODE_SIGN_IDENTITY[sdk=iphoneos*]" = "iPhone Developer";
				COPY_PHASE_STRIP = NO;
				DEBUG_INFORMATION_FORMAT = "dwarf-with-dsym";
				ENABLE_NS_ASSERTIONS = NO;
				ENABLE_STRICT_OBJC_MSGSEND = YES;
				GCC_C_LANGUAGE_STANDARD = gnu99;
				GCC_NO_COMMON_BLOCKS = YES;
				GCC_WARN_64_TO_32_BIT_CONVERSION = YES;
				GCC_WARN_ABOUT_RETURN_TYPE = YES_ERROR;
				GCC_WARN_UNDECLARED_SELECTOR = YES;
				GCC_WARN_UNINITIALIZED_AUTOS = YES_AGGRESSIVE;
				GCC_WARN_UNUSED_FUNCTION = YES;
				GCC_WARN_UNUSED_VARIABLE = YES;
				IPHONEOS_DEPLOYMENT_TARGET = 9.3;
				MTL_ENABLE_DEBUG_INFO = NO;
				SDKROOT = iphoneos;
				VALIDATE_PRODUCT = YES;
			};
			name = Release;
		};
		43A754F31D6B474A008C8ACC /* Debug */ = {
			isa = XCBuildConfiguration;
			baseConfigurationReference = 491E48509DC7A82C8EB597AF /* Pods-playingWithCircularButtons.debug.xcconfig */;
			buildSettings = {
				ASSETCATALOG_COMPILER_APPICON_NAME = AppIcon;
				INFOPLIST_FILE = playingWithCircularButtons/Info.plist;
				LD_RUNPATH_SEARCH_PATHS = "$(inherited) @executable_path/Frameworks";
				PRODUCT_BUNDLE_IDENTIFIER = rebeccaKFBartels.playingWithCircularButtons;
				PRODUCT_NAME = "$(TARGET_NAME)";
			};
			name = Debug;
		};
		43A754F41D6B474A008C8ACC /* Release */ = {
			isa = XCBuildConfiguration;
			baseConfigurationReference = 79A188F7625A94B0EE4AA3E5 /* Pods-playingWithCircularButtons.release.xcconfig */;
			buildSettings = {
				ASSETCATALOG_COMPILER_APPICON_NAME = AppIcon;
				INFOPLIST_FILE = playingWithCircularButtons/Info.plist;
				LD_RUNPATH_SEARCH_PATHS = "$(inherited) @executable_path/Frameworks";
				PRODUCT_BUNDLE_IDENTIFIER = rebeccaKFBartels.playingWithCircularButtons;
				PRODUCT_NAME = "$(TARGET_NAME)";
			};
			name = Release;
		};
/* End XCBuildConfiguration section */

/* Begin XCConfigurationList section */
		43A754DB1D6B474A008C8ACC /* Build configuration list for PBXProject "playingWithCircularButtons" */ = {
			isa = XCConfigurationList;
			buildConfigurations = (
				43A754F01D6B474A008C8ACC /* Debug */,
				43A754F11D6B474A008C8ACC /* Release */,
			);
			defaultConfigurationIsVisible = 0;
			defaultConfigurationName = Release;
		};
		43A754F21D6B474A008C8ACC /* Build configuration list for PBXNativeTarget "playingWithCircularButtons" */ = {
			isa = XCConfigurationList;
			buildConfigurations = (
				43A754F31D6B474A008C8ACC /* Debug */,
				43A754F41D6B474A008C8ACC /* Release */,
			);
			defaultConfigurationIsVisible = 0;
			defaultConfigurationName = Release;
		};
/* End XCConfigurationList section */
	};
	rootObject = 43A754D81D6B474A008C8ACC /* Project object */;
}
